
Microsoft Visual Studio Solution File, Format Version 12.00
# Visual Studio Version 17
VisualStudioVersion = 17.9.34607.119
MinimumVisualStudioVersion = 10.0.40219.1
Project("{FAE04EC0-301F-11D3-BF4B-00C04F79EFBC}") = "Ejercicio2_Triangulo", "Ejercicio2_Triangulo.csproj", "{C89D6C72-955D-459E-A25E-05B54C319A33}"
EndProject
Global
	GlobalSection(SolutionConfigurationPlatforms) = preSolution
		Debug|Any CPU = Debug|Any CPU
		Release|Any CPU = Release|Any CPU
	EndGlobalSection
	GlobalSection(ProjectConfigurationPlatforms) = postSolution
		{C89D6C72-955D-459E-A25E-05B54C319A33}.Debug|Any CPU.ActiveCfg = Debug|Any CPU
		{C89D6C72-955D-459E-A25E-05B54C319A33}.Debug|Any CPU.Build.0 = Debug|Any CPU
		{C89D6C72-955D-459E-A25E-05B54C319A33}.Release|Any CPU.ActiveCfg = Release|Any CPU
		{C89D6C72-955D-459E-A25E-05B54C319A33}.Release|Any CPU.Build.0 = Release|Any CPU
	EndGlobalSection
	GlobalSection(SolutionProperties) = preSolution
		HideSolutionNode = FALSE
	EndGlobalSection
	GlobalSection(ExtensibilityGlobals) = postSolution
		SolutionGuid = {D13B5486-D40A-4BE9-9239-CF7416C4C475}
	EndGlobalSection
EndGlobal
