
Microsoft Visual Studio Solution File, Format Version 12.00
# Visual Studio Version 17
VisualStudioVersion = 17.9.34607.119
MinimumVisualStudioVersion = 10.0.40219.1
Project("{FAE04EC0-301F-11D3-BF4B-00C04F79EFBC}") = "Ejercicio22_IMC", "Ejercicio22_IMC.csproj", "{6CCAF227-F57C-4A24-89F6-D351B8AD1C8E}"
EndProject
Global
	GlobalSection(SolutionConfigurationPlatforms) = preSolution
		Debug|Any CPU = Debug|Any CPU
		Release|Any CPU = Release|Any CPU
	EndGlobalSection
	GlobalSection(ProjectConfigurationPlatforms) = postSolution
		{6CCAF227-F57C-4A24-89F6-D351B8AD1C8E}.Debug|Any CPU.ActiveCfg = Debug|Any CPU
		{6CCAF227-F57C-4A24-89F6-D351B8AD1C8E}.Debug|Any CPU.Build.0 = Debug|Any CPU
		{6CCAF227-F57C-4A24-89F6-D351B8AD1C8E}.Release|Any CPU.ActiveCfg = Release|Any CPU
		{6CCAF227-F57C-4A24-89F6-D351B8AD1C8E}.Release|Any CPU.Build.0 = Release|Any CPU
	EndGlobalSection
	GlobalSection(SolutionProperties) = preSolution
		HideSolutionNode = FALSE
	EndGlobalSection
	GlobalSection(ExtensibilityGlobals) = postSolution
		SolutionGuid = {474AF482-F2FA-49CA-9F03-39093DC6B8BF}
	EndGlobalSection
EndGlobal
