
Microsoft Visual Studio Solution File, Format Version 12.00
# Visual Studio Version 17
VisualStudioVersion = 17.12.35323.107
MinimumVisualStudioVersion = 10.0.40219.1
Project("{FAE04EC0-301F-11D3-BF4B-00C04F79EFBC}") = "Ejercicio42_Arrays_Meses", "Ejercicio42_Arrays_Meses\Ejercicio42_Arrays_Meses.csproj", "{EC67E39E-8A91-4E0D-B42B-840A5889F4DB}"
EndProject
Global
	GlobalSection(SolutionConfigurationPlatforms) = preSolution
		Debug|Any CPU = Debug|Any CPU
		Release|Any CPU = Release|Any CPU
	EndGlobalSection
	GlobalSection(ProjectConfigurationPlatforms) = postSolution
		{EC67E39E-8A91-4E0D-B42B-840A5889F4DB}.Debug|Any CPU.ActiveCfg = Debug|Any CPU
		{EC67E39E-8A91-4E0D-B42B-840A5889F4DB}.Debug|Any CPU.Build.0 = Debug|Any CPU
		{EC67E39E-8A91-4E0D-B42B-840A5889F4DB}.Release|Any CPU.ActiveCfg = Release|Any CPU
		{EC67E39E-8A91-4E0D-B42B-840A5889F4DB}.Release|Any CPU.Build.0 = Release|Any CPU
	EndGlobalSection
	GlobalSection(SolutionProperties) = preSolution
		HideSolutionNode = FALSE
	EndGlobalSection
	GlobalSection(ExtensibilityGlobals) = postSolution
		SolutionGuid = {C804A5CF-9A16-4C19-AD2B-2FD34C659281}
	EndGlobalSection
EndGlobal
