
Microsoft Visual Studio Solution File, Format Version 12.00
# Visual Studio Version 17
VisualStudioVersion = 17.9.34607.119
MinimumVisualStudioVersion = 10.0.40219.1
Project("{FAE04EC0-301F-11D3-BF4B-00C04F79EFBC}") = "Ejercicio1_Coordenadas", "Ejercicio1_Coordenadas.csproj", "{402AFC90-63AA-48B9-A17D-AB2C0742888E}"
EndProject
Global
	GlobalSection(SolutionConfigurationPlatforms) = preSolution
		Debug|Any CPU = Debug|Any CPU
		Release|Any CPU = Release|Any CPU
	EndGlobalSection
	GlobalSection(ProjectConfigurationPlatforms) = postSolution
		{402AFC90-63AA-48B9-A17D-AB2C0742888E}.Debug|Any CPU.ActiveCfg = Debug|Any CPU
		{402AFC90-63AA-48B9-A17D-AB2C0742888E}.Debug|Any CPU.Build.0 = Debug|Any CPU
		{402AFC90-63AA-48B9-A17D-AB2C0742888E}.Release|Any CPU.ActiveCfg = Release|Any CPU
		{402AFC90-63AA-48B9-A17D-AB2C0742888E}.Release|Any CPU.Build.0 = Release|Any CPU
	EndGlobalSection
	GlobalSection(SolutionProperties) = preSolution
		HideSolutionNode = FALSE
	EndGlobalSection
	GlobalSection(ExtensibilityGlobals) = postSolution
		SolutionGuid = {5600F755-0A9A-4B0D-9DF9-F4869B90BAE8}
	EndGlobalSection
EndGlobal
